
Microsoft Visual Studio Solution File, Format Version 12.00
# Visual Studio Version 17
VisualStudioVersion = 17.5.33516.290
MinimumVisualStudioVersion = 10.0.40219.1
Project("{FAE04EC0-301F-11D3-BF4B-00C04F79EFBC}") = "ParallelProgrammingAPI", "ParallelProgrammingAPI\ParallelProgrammingAPI.csproj", "{4EB5A789-95A5-44BA-A9CE-8396C1CA787A}"
EndProject
Project("{FAE04EC0-301F-11D3-BF4B-00C04F79EFBC}") = "ParallelProgrammingClient", "ParallelProgrammingClient\ParallelProgrammingClient.csproj", "{3A6E1C03-9C0B-4AD1-B0CD-B9EB6806606F}"
EndProject
Global
	GlobalSection(SolutionConfigurationPlatforms) = preSolution
		Debug|Any CPU = Debug|Any CPU
		Release|Any CPU = Release|Any CPU
	EndGlobalSection
	GlobalSection(ProjectConfigurationPlatforms) = postSolution
		{4EB5A789-95A5-44BA-A9CE-8396C1CA787A}.Debug|Any CPU.ActiveCfg = Debug|Any CPU
		{4EB5A789-95A5-44BA-A9CE-8396C1CA787A}.Debug|Any CPU.Build.0 = Debug|Any CPU
		{4EB5A789-95A5-44BA-A9CE-8396C1CA787A}.Release|Any CPU.ActiveCfg = Release|Any CPU
		{4EB5A789-95A5-44BA-A9CE-8396C1CA787A}.Release|Any CPU.Build.0 = Release|Any CPU
		{3A6E1C03-9C0B-4AD1-B0CD-B9EB6806606F}.Debug|Any CPU.ActiveCfg = Debug|Any CPU
		{3A6E1C03-9C0B-4AD1-B0CD-B9EB6806606F}.Debug|Any CPU.Build.0 = Debug|Any CPU
		{3A6E1C03-9C0B-4AD1-B0CD-B9EB6806606F}.Release|Any CPU.ActiveCfg = Release|Any CPU
		{3A6E1C03-9C0B-4AD1-B0CD-B9EB6806606F}.Release|Any CPU.Build.0 = Release|Any CPU
	EndGlobalSection
	GlobalSection(SolutionProperties) = preSolution
		HideSolutionNode = FALSE
	EndGlobalSection
	GlobalSection(ExtensibilityGlobals) = postSolution
		SolutionGuid = {A1818540-93AA-4D00-BDB3-B4DBC21C5BF6}
	EndGlobalSection
EndGlobal
